
Microsoft Visual Studio Solution File, Format Version 12.00
# Visual Studio 15
VisualStudioVersion = 15.0.28010.2026
MinimumVisualStudioVersion = 10.0.40219.1
Project("{FAE04EC0-301F-11D3-BF4B-00C04F79EFBC}") = "RhinoApp", "RhinoApp\RhinoApp.csproj", "{78457CC6-7A0A-4C7A-AD7D-3E6282C27043}"
EndProject
Project("{FAE04EC0-301F-11D3-BF4B-00C04F79EFBC}") = "GrasshopperApp", "GrasshopperApp\GrasshopperApp.csproj", "{5A5F55C7-EDE1-4857-8614-B883BD3133DB}"
EndProject
Global
	GlobalSection(SolutionConfigurationPlatforms) = preSolution
		Debug|Any CPU = Debug|Any CPU
		Release|Any CPU = Release|Any CPU
	EndGlobalSection
	GlobalSection(ProjectConfigurationPlatforms) = postSolution
		{78457CC6-7A0A-4C7A-AD7D-3E6282C27043}.Debug|Any CPU.ActiveCfg = Debug|Any CPU
		{78457CC6-7A0A-4C7A-AD7D-3E6282C27043}.Debug|Any CPU.Build.0 = Debug|Any CPU
		{78457CC6-7A0A-4C7A-AD7D-3E6282C27043}.Release|Any CPU.ActiveCfg = Release|Any CPU
		{78457CC6-7A0A-4C7A-AD7D-3E6282C27043}.Release|Any CPU.Build.0 = Release|Any CPU
		{5A5F55C7-EDE1-4857-8614-B883BD3133DB}.Debug|Any CPU.ActiveCfg = Debug|Any CPU
		{5A5F55C7-EDE1-4857-8614-B883BD3133DB}.Debug|Any CPU.Build.0 = Debug|Any CPU
		{5A5F55C7-EDE1-4857-8614-B883BD3133DB}.Release|Any CPU.ActiveCfg = Release|Any CPU
		{5A5F55C7-EDE1-4857-8614-B883BD3133DB}.Release|Any CPU.Build.0 = Release|Any CPU
	EndGlobalSection
	GlobalSection(SolutionProperties) = preSolution
		HideSolutionNode = FALSE
	EndGlobalSection
	GlobalSection(ExtensibilityGlobals) = postSolution
		SolutionGuid = {62FC5856-D585-410F-8658-725C2BBAEA3B}
	EndGlobalSection
EndGlobal
